
Microsoft Visual Studio Solution File, Format Version 12.00
# Visual Studio Version 17
VisualStudioVersion = 17.9.34714.143
MinimumVisualStudioVersion = 10.0.40219.1
Project("{9A19103F-16F7-4668-BE54-9A1E7A4F7556}") = "ZaminTemplatePackage", "ZaminTemplatePackage.csproj", "{E8415886-FAAD-4418-B2D7-B6B1B715E499}"
EndProject
Global
	GlobalSection(SolutionConfigurationPlatforms) = preSolution
		Debug|Any CPU = Debug|Any CPU
		Release|Any CPU = Release|Any CPU
	EndGlobalSection
	GlobalSection(ProjectConfigurationPlatforms) = postSolution
		{E8415886-FAAD-4418-B2D7-B6B1B715E499}.Debug|Any CPU.ActiveCfg = Debug|Any CPU
		{E8415886-FAAD-4418-B2D7-B6B1B715E499}.Debug|Any CPU.Build.0 = Debug|Any CPU
		{E8415886-FAAD-4418-B2D7-B6B1B715E499}.Release|Any CPU.ActiveCfg = Release|Any CPU
		{E8415886-FAAD-4418-B2D7-B6B1B715E499}.Release|Any CPU.Build.0 = Release|Any CPU
	EndGlobalSection
	GlobalSection(SolutionProperties) = preSolution
		HideSolutionNode = FALSE
	EndGlobalSection
	GlobalSection(ExtensibilityGlobals) = postSolution
		SolutionGuid = {E8971EE1-5C82-4075-AD06-94D11718BD55}
	EndGlobalSection
EndGlobal
