
Microsoft Visual Studio Solution File, Format Version 12.00
# Visual Studio Version 17
VisualStudioVersion = 17.0.32014.148
MinimumVisualStudioVersion = 10.0.40219.1
Project("{2150E333-8FDC-42A3-9474-1A3956D46DE8}") = "1.Core", "1.Core", "{1E524427-9DDA-4241-8A5F-01F0E0E152FC}"
EndProject
Project("{2150E333-8FDC-42A3-9474-1A3956D46DE8}") = "2.Infra", "2.Infra", "{A990234A-6D80-437F-9274-62B6A6A8BEC8}"
EndProject
Project("{2150E333-8FDC-42A3-9474-1A3956D46DE8}") = "3.Endpoints", "3.Endpoints", "{81DE7253-0AB5-4E48-8614-759C04CAE244}"
EndProject
Project("{2150E333-8FDC-42A3-9474-1A3956D46DE8}") = "src", "src", "{0F1C1A26-926C-4719-9574-360E6E0FDBE6}"
EndProject
Project("{2150E333-8FDC-42A3-9474-1A3956D46DE8}") = "test", "test", "{90B6D9C3-00FE-4395-A9AF-ADEBCFDF1641}"
EndProject
Project("{2150E333-8FDC-42A3-9474-1A3956D46DE8}") = "1.Core", "1.Core", "{7D0EBCBE-23F7-48E3-9E2A-0ED3F2B4283F}"
EndProject
Project("{2150E333-8FDC-42A3-9474-1A3956D46DE8}") = "2.Infra", "2.Infra", "{C99C494A-6A81-45FA-B5FC-98C3E0746CDA}"
EndProject
Project("{2150E333-8FDC-42A3-9474-1A3956D46DE8}") = "3.Endpoint", "3.Endpoint", "{370E230E-0353-4E15-8F48-B1BD07290B84}"
EndProject
Project("{2150E333-8FDC-42A3-9474-1A3956D46DE8}") = "Data", "Data", "{32B42A7E-3C12-44B7-ADA9-41294B12820A}"
EndProject
Project("{9A19103F-16F7-4668-BE54-9A1E7A4F7556}") = "ZaminTemplate.Core.Domain", "src\1.Core\ZaminTemplate.Core.Domain\ZaminTemplate.Core.Domain.csproj", "{F9C803E2-0380-4A51-B680-7ADBEC12C6A6}"
EndProject
Project("{9A19103F-16F7-4668-BE54-9A1E7A4F7556}") = "ZaminTemplate.Core.Contracts", "src\1.Core\ZaminTemplate.Core.Contracts\ZaminTemplate.Core.Contracts.csproj", "{95F79136-C06D-4181-84A7-FEBCD76EDAA7}"
EndProject
Project("{9A19103F-16F7-4668-BE54-9A1E7A4F7556}") = "ZaminTemplate.Core.ApplicationService", "src\1.Core\ZaminTemplate.Core.ApplicationService\ZaminTemplate.Core.ApplicationService.csproj", "{66934AB3-A786-4DA8-9FB8-2B61297D3817}"
EndProject
Project("{9A19103F-16F7-4668-BE54-9A1E7A4F7556}") = "ZaminTemplate.Infra.Data.Sql.Commands", "src\2.Infra\Data\ZaminTemplate.Infra.Data.Sql.Commands\ZaminTemplate.Infra.Data.Sql.Commands.csproj", "{BC9C8A96-43C3-4D83-AD3A-ED68128C4E4C}"
EndProject
Project("{9A19103F-16F7-4668-BE54-9A1E7A4F7556}") = "ZaminTemplate.Infra.Data.Sql.Queries", "src\2.Infra\Data\ZaminTemplate.Infra.Data.Sql.Queries\ZaminTemplate.Infra.Data.Sql.Queries.csproj", "{424EDF2D-8758-4445-BF2B-1ECD8BD83477}"
EndProject
Project("{9A19103F-16F7-4668-BE54-9A1E7A4F7556}") = "ZaminTemplate.Endpoints.API", "src\3.Endpoints\ZaminTemplate.Endpoints.API\ZaminTemplate.Endpoints.API.csproj", "{C3F25BFC-4051-400F-8C8A-89F90D8FD0A0}"
EndProject
Global
	GlobalSection(SolutionConfigurationPlatforms) = preSolution
		Debug|Any CPU = Debug|Any CPU
		Release|Any CPU = Release|Any CPU
	EndGlobalSection
	GlobalSection(ProjectConfigurationPlatforms) = postSolution
		{F9C803E2-0380-4A51-B680-7ADBEC12C6A6}.Debug|Any CPU.ActiveCfg = Debug|Any CPU
		{F9C803E2-0380-4A51-B680-7ADBEC12C6A6}.Debug|Any CPU.Build.0 = Debug|Any CPU
		{F9C803E2-0380-4A51-B680-7ADBEC12C6A6}.Release|Any CPU.ActiveCfg = Release|Any CPU
		{F9C803E2-0380-4A51-B680-7ADBEC12C6A6}.Release|Any CPU.Build.0 = Release|Any CPU
		{95F79136-C06D-4181-84A7-FEBCD76EDAA7}.Debug|Any CPU.ActiveCfg = Debug|Any CPU
		{95F79136-C06D-4181-84A7-FEBCD76EDAA7}.Debug|Any CPU.Build.0 = Debug|Any CPU
		{95F79136-C06D-4181-84A7-FEBCD76EDAA7}.Release|Any CPU.ActiveCfg = Release|Any CPU
		{95F79136-C06D-4181-84A7-FEBCD76EDAA7}.Release|Any CPU.Build.0 = Release|Any CPU
		{66934AB3-A786-4DA8-9FB8-2B61297D3817}.Debug|Any CPU.ActiveCfg = Debug|Any CPU
		{66934AB3-A786-4DA8-9FB8-2B61297D3817}.Debug|Any CPU.Build.0 = Debug|Any CPU
		{66934AB3-A786-4DA8-9FB8-2B61297D3817}.Release|Any CPU.ActiveCfg = Release|Any CPU
		{66934AB3-A786-4DA8-9FB8-2B61297D3817}.Release|Any CPU.Build.0 = Release|Any CPU
		{BC9C8A96-43C3-4D83-AD3A-ED68128C4E4C}.Debug|Any CPU.ActiveCfg = Debug|Any CPU
		{BC9C8A96-43C3-4D83-AD3A-ED68128C4E4C}.Debug|Any CPU.Build.0 = Debug|Any CPU
		{BC9C8A96-43C3-4D83-AD3A-ED68128C4E4C}.Release|Any CPU.ActiveCfg = Release|Any CPU
		{BC9C8A96-43C3-4D83-AD3A-ED68128C4E4C}.Release|Any CPU.Build.0 = Release|Any CPU
		{424EDF2D-8758-4445-BF2B-1ECD8BD83477}.Debug|Any CPU.ActiveCfg = Debug|Any CPU
		{424EDF2D-8758-4445-BF2B-1ECD8BD83477}.Debug|Any CPU.Build.0 = Debug|Any CPU
		{424EDF2D-8758-4445-BF2B-1ECD8BD83477}.Release|Any CPU.ActiveCfg = Release|Any CPU
		{424EDF2D-8758-4445-BF2B-1ECD8BD83477}.Release|Any CPU.Build.0 = Release|Any CPU
		{C3F25BFC-4051-400F-8C8A-89F90D8FD0A0}.Debug|Any CPU.ActiveCfg = Debug|Any CPU
		{C3F25BFC-4051-400F-8C8A-89F90D8FD0A0}.Debug|Any CPU.Build.0 = Debug|Any CPU
		{C3F25BFC-4051-400F-8C8A-89F90D8FD0A0}.Release|Any CPU.ActiveCfg = Release|Any CPU
		{C3F25BFC-4051-400F-8C8A-89F90D8FD0A0}.Release|Any CPU.Build.0 = Release|Any CPU
	EndGlobalSection
	GlobalSection(SolutionProperties) = preSolution
		HideSolutionNode = FALSE
	EndGlobalSection
	GlobalSection(NestedProjects) = preSolution
		{1E524427-9DDA-4241-8A5F-01F0E0E152FC} = {0F1C1A26-926C-4719-9574-360E6E0FDBE6}
		{A990234A-6D80-437F-9274-62B6A6A8BEC8} = {0F1C1A26-926C-4719-9574-360E6E0FDBE6}
		{81DE7253-0AB5-4E48-8614-759C04CAE244} = {0F1C1A26-926C-4719-9574-360E6E0FDBE6}
		{7D0EBCBE-23F7-48E3-9E2A-0ED3F2B4283F} = {90B6D9C3-00FE-4395-A9AF-ADEBCFDF1641}
		{C99C494A-6A81-45FA-B5FC-98C3E0746CDA} = {90B6D9C3-00FE-4395-A9AF-ADEBCFDF1641}
		{370E230E-0353-4E15-8F48-B1BD07290B84} = {90B6D9C3-00FE-4395-A9AF-ADEBCFDF1641}
		{32B42A7E-3C12-44B7-ADA9-41294B12820A} = {A990234A-6D80-437F-9274-62B6A6A8BEC8}
		{F9C803E2-0380-4A51-B680-7ADBEC12C6A6} = {1E524427-9DDA-4241-8A5F-01F0E0E152FC}
		{95F79136-C06D-4181-84A7-FEBCD76EDAA7} = {1E524427-9DDA-4241-8A5F-01F0E0E152FC}
		{66934AB3-A786-4DA8-9FB8-2B61297D3817} = {1E524427-9DDA-4241-8A5F-01F0E0E152FC}
		{BC9C8A96-43C3-4D83-AD3A-ED68128C4E4C} = {32B42A7E-3C12-44B7-ADA9-41294B12820A}
		{424EDF2D-8758-4445-BF2B-1ECD8BD83477} = {32B42A7E-3C12-44B7-ADA9-41294B12820A}
		{C3F25BFC-4051-400F-8C8A-89F90D8FD0A0} = {81DE7253-0AB5-4E48-8614-759C04CAE244}
	EndGlobalSection
	GlobalSection(ExtensibilityGlobals) = postSolution
		SolutionGuid = {07B7D400-5E74-48AF-A2B5-2FC92393384D}
	EndGlobalSection
EndGlobal
